
Microsoft Visual Studio Solution File, Format Version 12.00
# Visual Studio 15
VisualStudioVersion = 15.0.28307.168
MinimumVisualStudioVersion = 10.0.40219.1
Project("{FAE04EC0-301F-11D3-BF4B-00C04F79EFBC}") = "dot_Net_For_The_Win", "dot_Net_For_The_Win\dot_Net_For_The_Win.csproj", "{8C6C0977-CE1C-477A-ABC4-54A115635101}"
EndProject
Global
	GlobalSection(SolutionConfigurationPlatforms) = preSolution
		Debug|Any CPU = Debug|Any CPU
		Release|Any CPU = Release|Any CPU
	EndGlobalSection
	GlobalSection(ProjectConfigurationPlatforms) = postSolution
		{8C6C0977-CE1C-477A-ABC4-54A115635101}.Debug|Any CPU.ActiveCfg = Debug|Any CPU
		{8C6C0977-CE1C-477A-ABC4-54A115635101}.Debug|Any CPU.Build.0 = Debug|Any CPU
		{8C6C0977-CE1C-477A-ABC4-54A115635101}.Release|Any CPU.ActiveCfg = Release|Any CPU
		{8C6C0977-CE1C-477A-ABC4-54A115635101}.Release|Any CPU.Build.0 = Release|Any CPU
	EndGlobalSection
	GlobalSection(SolutionProperties) = preSolution
		HideSolutionNode = FALSE
	EndGlobalSection
	GlobalSection(ExtensibilityGlobals) = postSolution
		SolutionGuid = {4360279F-4821-49CB-AABC-6588BD439B19}
	EndGlobalSection
EndGlobal
